
Microsoft Visual Studio Solution File, Format Version 12.00
# Visual Studio Version 17
VisualStudioVersion = 17.0.32014.148
MinimumVisualStudioVersion = 10.0.40219.1
Project("{FAE04EC0-301F-11D3-BF4B-00C04F79EFBC}") = "Q4", "CreateAprogram\Q4.csproj", "{1B0B07EB-AED3-46F3-861C-579E53BE45F6}"
EndProject
Project("{FAE04EC0-301F-11D3-BF4B-00C04F79EFBC}") = "WorkB", "WorkB\WorkB.csproj", "{01042DA8-EA13-4B23-B04E-2C715F871FAC}"
EndProject
Project("{FAE04EC0-301F-11D3-BF4B-00C04F79EFBC}") = "Q5", "Q5\Q5.csproj", "{99A712A3-3271-408B-9B76-808FDF34C814}"
EndProject
Project("{FAE04EC0-301F-11D3-BF4B-00C04F79EFBC}") = "WorkA", "WorkA\WorkA.csproj", "{C3BEB039-7BF5-43B8-BCE4-6955A879B64E}"
EndProject
Project("{FAE04EC0-301F-11D3-BF4B-00C04F79EFBC}") = "WorkC", "ConsoleApp1\WorkC.csproj", "{36EB96E1-3500-4E81-92F9-33D37BA8F1EE}"
EndProject
Project("{FAE04EC0-301F-11D3-BF4B-00C04F79EFBC}") = "Q6", "Q6\Q6.csproj", "{95B8BC15-B688-4069-BAB0-7810A383DB6C}"
EndProject
Project("{FAE04EC0-301F-11D3-BF4B-00C04F79EFBC}") = "Q3", "Q3\Q3.csproj", "{7803F9FB-FB43-4A13-AE40-8E66C711333B}"
EndProject
Project("{FAE04EC0-301F-11D3-BF4B-00C04F79EFBC}") = "Q7", "Q7\Q7.csproj", "{00C098AC-3E29-445E-86E8-819B04A6A79C}"
EndProject
Project("{FAE04EC0-301F-11D3-BF4B-00C04F79EFBC}") = "Q8", "Q8\Q8.csproj", "{1A46D791-0D5A-443D-80FF-BB5EA4958755}"
EndProject
Global
	GlobalSection(SolutionConfigurationPlatforms) = preSolution
		Debug|Any CPU = Debug|Any CPU
		Release|Any CPU = Release|Any CPU
	EndGlobalSection
	GlobalSection(ProjectConfigurationPlatforms) = postSolution
		{1B0B07EB-AED3-46F3-861C-579E53BE45F6}.Debug|Any CPU.ActiveCfg = Debug|Any CPU
		{1B0B07EB-AED3-46F3-861C-579E53BE45F6}.Debug|Any CPU.Build.0 = Debug|Any CPU
		{1B0B07EB-AED3-46F3-861C-579E53BE45F6}.Release|Any CPU.ActiveCfg = Release|Any CPU
		{1B0B07EB-AED3-46F3-861C-579E53BE45F6}.Release|Any CPU.Build.0 = Release|Any CPU
		{01042DA8-EA13-4B23-B04E-2C715F871FAC}.Debug|Any CPU.ActiveCfg = Debug|Any CPU
		{01042DA8-EA13-4B23-B04E-2C715F871FAC}.Debug|Any CPU.Build.0 = Debug|Any CPU
		{01042DA8-EA13-4B23-B04E-2C715F871FAC}.Release|Any CPU.ActiveCfg = Release|Any CPU
		{01042DA8-EA13-4B23-B04E-2C715F871FAC}.Release|Any CPU.Build.0 = Release|Any CPU
		{99A712A3-3271-408B-9B76-808FDF34C814}.Debug|Any CPU.ActiveCfg = Debug|Any CPU
		{99A712A3-3271-408B-9B76-808FDF34C814}.Debug|Any CPU.Build.0 = Debug|Any CPU
		{99A712A3-3271-408B-9B76-808FDF34C814}.Release|Any CPU.ActiveCfg = Release|Any CPU
		{99A712A3-3271-408B-9B76-808FDF34C814}.Release|Any CPU.Build.0 = Release|Any CPU
		{C3BEB039-7BF5-43B8-BCE4-6955A879B64E}.Debug|Any CPU.ActiveCfg = Debug|Any CPU
		{C3BEB039-7BF5-43B8-BCE4-6955A879B64E}.Debug|Any CPU.Build.0 = Debug|Any CPU
		{C3BEB039-7BF5-43B8-BCE4-6955A879B64E}.Release|Any CPU.ActiveCfg = Release|Any CPU
		{C3BEB039-7BF5-43B8-BCE4-6955A879B64E}.Release|Any CPU.Build.0 = Release|Any CPU
		{36EB96E1-3500-4E81-92F9-33D37BA8F1EE}.Debug|Any CPU.ActiveCfg = Debug|Any CPU
		{36EB96E1-3500-4E81-92F9-33D37BA8F1EE}.Debug|Any CPU.Build.0 = Debug|Any CPU
		{36EB96E1-3500-4E81-92F9-33D37BA8F1EE}.Release|Any CPU.ActiveCfg = Release|Any CPU
		{36EB96E1-3500-4E81-92F9-33D37BA8F1EE}.Release|Any CPU.Build.0 = Release|Any CPU
		{95B8BC15-B688-4069-BAB0-7810A383DB6C}.Debug|Any CPU.ActiveCfg = Debug|Any CPU
		{95B8BC15-B688-4069-BAB0-7810A383DB6C}.Debug|Any CPU.Build.0 = Debug|Any CPU
		{95B8BC15-B688-4069-BAB0-7810A383DB6C}.Release|Any CPU.ActiveCfg = Release|Any CPU
		{95B8BC15-B688-4069-BAB0-7810A383DB6C}.Release|Any CPU.Build.0 = Release|Any CPU
		{7803F9FB-FB43-4A13-AE40-8E66C711333B}.Debug|Any CPU.ActiveCfg = Debug|Any CPU
		{7803F9FB-FB43-4A13-AE40-8E66C711333B}.Debug|Any CPU.Build.0 = Debug|Any CPU
		{7803F9FB-FB43-4A13-AE40-8E66C711333B}.Release|Any CPU.ActiveCfg = Release|Any CPU
		{7803F9FB-FB43-4A13-AE40-8E66C711333B}.Release|Any CPU.Build.0 = Release|Any CPU
		{00C098AC-3E29-445E-86E8-819B04A6A79C}.Debug|Any CPU.ActiveCfg = Debug|Any CPU
		{00C098AC-3E29-445E-86E8-819B04A6A79C}.Debug|Any CPU.Build.0 = Debug|Any CPU
		{00C098AC-3E29-445E-86E8-819B04A6A79C}.Release|Any CPU.ActiveCfg = Release|Any CPU
		{00C098AC-3E29-445E-86E8-819B04A6A79C}.Release|Any CPU.Build.0 = Release|Any CPU
		{1A46D791-0D5A-443D-80FF-BB5EA4958755}.Debug|Any CPU.ActiveCfg = Debug|Any CPU
		{1A46D791-0D5A-443D-80FF-BB5EA4958755}.Debug|Any CPU.Build.0 = Debug|Any CPU
		{1A46D791-0D5A-443D-80FF-BB5EA4958755}.Release|Any CPU.ActiveCfg = Release|Any CPU
		{1A46D791-0D5A-443D-80FF-BB5EA4958755}.Release|Any CPU.Build.0 = Release|Any CPU
	EndGlobalSection
	GlobalSection(SolutionProperties) = preSolution
		HideSolutionNode = FALSE
	EndGlobalSection
	GlobalSection(ExtensibilityGlobals) = postSolution
		SolutionGuid = {1963D760-0AF7-46E3-B712-C7ED49DC6C9D}
	EndGlobalSection
EndGlobal
